
Microsoft Visual Studio Solution File, Format Version 11.00
# Visual Studio 2010
Project("{FAE04EC0-301F-11D3-BF4B-00C04F79EFBC}") = "Random Name Generator", "Random Name Generator\Random Name Generator.csproj", "{84DF5556-CE85-4620-A1CE-1EE76FE35490}"
EndProject
Global
	GlobalSection(SolutionConfigurationPlatforms) = preSolution
		Debug|x86 = Debug|x86
		Release|x86 = Release|x86
	EndGlobalSection
	GlobalSection(ProjectConfigurationPlatforms) = postSolution
		{84DF5556-CE85-4620-A1CE-1EE76FE35490}.Debug|x86.ActiveCfg = Debug|x86
		{84DF5556-CE85-4620-A1CE-1EE76FE35490}.Debug|x86.Build.0 = Debug|x86
		{84DF5556-CE85-4620-A1CE-1EE76FE35490}.Release|x86.ActiveCfg = Release|x86
		{84DF5556-CE85-4620-A1CE-1EE76FE35490}.Release|x86.Build.0 = Release|x86
	EndGlobalSection
	GlobalSection(SolutionProperties) = preSolution
		HideSolutionNode = FALSE
	EndGlobalSection
EndGlobal
